{
  "name": "algorithm4-ts",
  "version": "1.0.0",
  "lockfileVersion": 2,
  "requires": true,
  "packages": {
    "": {
      "version": "1.0.0",
      "license": "MIT",
      "dependencies": {
        "readline-sync": "^1.4.10"
      },
      "devDependencies": {
        "@types/node": "^16.7.1",
        "@types/readline-sync": "^1.4.4"
      }
    },
    "node_modules/@types/node": {
      "version": "16.7.1",
      "resolved": "https://registry.nlark.com/@types/node/download/@types/node-16.7.1.tgz?cache=0&sync_timestamp=1629504256009&other_urls=https%3A%2F%2Fregistry.nlark.com%2F%40types%2Fnode%2Fdownload%2F%40types%2Fnode-16.7.1.tgz",
      "integrity": "sha1-xrkZgXjaUE38of0L6bLhAC8VhvA=",
      "dev": true
    },
    "node_modules/@types/readline-sync": {
      "version": "1.4.4",
      "resolved": "https://registry.nlark.com/@types/readline-sync/download/@types/readline-sync-1.4.4.tgz",
      "integrity": "sha1-hWgpLv5N3ZTQzO6ViynMP04OoUA=",
      "dev": true
    },
    "node_modules/readline-sync": {
      "version": "1.4.10",
      "resolved": "https://registry.npm.taobao.org/readline-sync/download/readline-sync-1.4.10.tgz",
      "integrity": "sha1-Qd9/u0tjEtZzARWUFFcFv1bYhzs=",
      "engines": {
        "node": ">= 0.8.0"
      }
    }
  },
  "dependencies": {
    "@types/node": {
      "version": "16.7.1",
      "resolved": "https://registry.nlark.com/@types/node/download/@types/node-16.7.1.tgz?cache=0&sync_timestamp=1629504256009&other_urls=https%3A%2F%2Fregistry.nlark.com%2F%40types%2Fnode%2Fdownload%2F%40types%2Fnode-16.7.1.tgz",
      "integrity": "sha1-xrkZgXjaUE38of0L6bLhAC8VhvA=",
      "dev": true
    },
    "@types/readline-sync": {
      "version": "1.4.4",
      "resolved": "https://registry.nlark.com/@types/readline-sync/download/@types/readline-sync-1.4.4.tgz",
      "integrity": "sha1-hWgpLv5N3ZTQzO6ViynMP04OoUA=",
      "dev": true
    },
    "readline-sync": {
      "version": "1.4.10",
      "resolved": "https://registry.npm.taobao.org/readline-sync/download/readline-sync-1.4.10.tgz",
      "integrity": "sha1-Qd9/u0tjEtZzARWUFFcFv1bYhzs="
    }
  }
}
